// !$*UTF8*$!
{
	archiveVersion = 1;
	classes = {
	};
	objectVersion = 46;
	objects = {

/* Begin PBXBuildFile section */
		2BC49B371A58D3EA003D5842 /* AppDelegate.m in Sources */ = {isa = PBXBuildFile; fileRef = 2BC49B361A58D3EA003D5842 /* AppDelegate.m */; };
		2BC49B391A58D3EA003D5842 /* main.m in Sources */ = {isa = PBXBuildFile; fileRef = 2BC49B381A58D3EA003D5842 /* main.m */; };
		2BC49B3B1A58D3EA003D5842 /* Images.xcassets in Resources */ = {isa = PBXBuildFile; fileRef = 2BC49B3A1A58D3EA003D5842 /* Images.xcassets */; };
		2BC49B3E1A58D3EA003D5842 /* MainMenu.xib in Resources */ = {isa = PBXBuildFile; fileRef = 2BC49B3C1A58D3EA003D5842 /* MainMenu.xib */; };
		2BC49B651A58D44C003D5842 /* SPMediaKeyTap.m in Sources */ = {isa = PBXBuildFile; fileRef = 2BC49B5D1A58D44C003D5842 /* SPMediaKeyTap.m */; settings = {COMPILER_FLAGS = "-fno-objc-arc"; }; };
		2BC49B6F1A58DE77003D5842 /* CecManager.mm in Sources */ = {isa = PBXBuildFile; fileRef = 2BC49B6E1A58DE77003D5842 /* CecManager.mm */; };
		2BC49B741A58E6B7003D5842 /* libcec.a in Frameworks */ = {isa = PBXBuildFile; fileRef = 2BC49B731A58E6B7003D5842 /* libcec.a */; };
/* End PBXBuildFile section */

/* Begin PBXFileReference section */
		2BC49B301A58D3EA003D5842 /* HDMI Volume Control.app */ = {isa = PBXFileReference; explicitFileType = wrapper.application; includeInIndex = 0; path = "HDMI Volume Control.app"; sourceTree = BUILT_PRODUCTS_DIR; };
		2BC49B341A58D3EA003D5842 /* Info.plist */ = {isa = PBXFileReference; lastKnownFileType = text.plist.xml; path = Info.plist; sourceTree = "<group>"; };
		2BC49B351A58D3EA003D5842 /* AppDelegate.h */ = {isa = PBXFileReference; lastKnownFileType = sourcecode.c.h; path = AppDelegate.h; sourceTree = "<group>"; };
		2BC49B361A58D3EA003D5842 /* AppDelegate.m */ = {isa = PBXFileReference; lastKnownFileType = sourcecode.c.objc; path = AppDelegate.m; sourceTree = "<group>"; };
		2BC49B381A58D3EA003D5842 /* main.m */ = {isa = PBXFileReference; lastKnownFileType = sourcecode.c.objc; path = main.m; sourceTree = "<group>"; };
		2BC49B3A1A58D3EA003D5842 /* Images.xcassets */ = {isa = PBXFileReference; lastKnownFileType = folder.assetcatalog; path = Images.xcassets; sourceTree = "<group>"; };
		2BC49B3D1A58D3EA003D5842 /* Base */ = {isa = PBXFileReference; lastKnownFileType = file.xib; name = Base; path = Base.lproj/MainMenu.xib; sourceTree = "<group>"; };
		2BC49B5C1A58D44C003D5842 /* SPMediaKeyTap.h */ = {isa = PBXFileReference; fileEncoding = 4; lastKnownFileType = sourcecode.c.h; path = SPMediaKeyTap.h; sourceTree = "<group>"; };
		2BC49B5D1A58D44C003D5842 /* SPMediaKeyTap.m */ = {isa = PBXFileReference; fileEncoding = 4; lastKnownFileType = sourcecode.c.objc; path = SPMediaKeyTap.m; sourceTree = "<group>"; };
		2BC49B671A58DA81003D5842 /* libcec.2.dylib */ = {isa = PBXFileReference; lastKnownFileType = "compiled.mach-o.dylib"; name = libcec.2.dylib; path = ../../../../../usr/local/Cellar/libcec/2.2.0/lib/libcec.2.dylib; sourceTree = "<group>"; };
		2BC49B6D1A58DE77003D5842 /* CecManager.h */ = {isa = PBXFileReference; fileEncoding = 4; lastKnownFileType = sourcecode.c.h; path = CecManager.h; sourceTree = "<group>"; };
		2BC49B6E1A58DE77003D5842 /* CecManager.mm */ = {isa = PBXFileReference; fileEncoding = 4; lastKnownFileType = sourcecode.cpp.objcpp; path = CecManager.mm; sourceTree = "<group>"; };
		2BC49B731A58E6B7003D5842 /* libcec.a */ = {isa = PBXFileReference; lastKnownFileType = archive.ar; name = libcec.a; path = ../../../../../usr/local/Cellar/libcec/2.2.0/lib/libcec.a; sourceTree = "<group>"; };
/* End PBXFileReference section */

/* Begin PBXFrameworksBuildPhase section */
		2BC49B2D1A58D3EA003D5842 /* Frameworks */ = {
			isa = PBXFrameworksBuildPhase;
			buildActionMask = 2147483647;
			files = (
				2BC49B741A58E6B7003D5842 /* libcec.a in Frameworks */,
			);
			runOnlyForDeploymentPostprocessing = 0;
		};
/* End PBXFrameworksBuildPhase section */

/* Begin PBXGroup section */
		2BC49B271A58D3EA003D5842 = {
			isa = PBXGroup;
			children = (
				2BC49B731A58E6B7003D5842 /* libcec.a */,
				2BC49B671A58DA81003D5842 /* libcec.2.dylib */,
				2BC49B321A58D3EA003D5842 /* HDMI Volume Control */,
				2BC49B311A58D3EA003D5842 /* Products */,
			);
			sourceTree = "<group>";
		};
		2BC49B311A58D3EA003D5842 /* Products */ = {
			isa = PBXGroup;
			children = (
				2BC49B301A58D3EA003D5842 /* HDMI Volume Control.app */,
			);
			name = Products;
			sourceTree = "<group>";
		};
		2BC49B321A58D3EA003D5842 /* HDMI Volume Control */ = {
			isa = PBXGroup;
			children = (
				2BC49B531A58D44C003D5842 /* SPMediaKeyTap */,
				2BC49B351A58D3EA003D5842 /* AppDelegate.h */,
				2BC49B361A58D3EA003D5842 /* AppDelegate.m */,
				2BC49B6D1A58DE77003D5842 /* CecManager.h */,
				2BC49B6E1A58DE77003D5842 /* CecManager.mm */,
				2BC49B711A58E02B003D5842 /* GUI */,
				2BC49B331A58D3EA003D5842 /* Supporting Files */,
			);
			path = "HDMI Volume Control";
			sourceTree = "<group>";
		};
		2BC49B331A58D3EA003D5842 /* Supporting Files */ = {
			isa = PBXGroup;
			children = (
				2BC49B341A58D3EA003D5842 /* Info.plist */,
				2BC49B381A58D3EA003D5842 /* main.m */,
			);
			name = "Supporting Files";
			sourceTree = "<group>";
		};
		2BC49B531A58D44C003D5842 /* SPMediaKeyTap */ = {
			isa = PBXGroup;
			children = (
				2BC49B5C1A58D44C003D5842 /* SPMediaKeyTap.h */,
				2BC49B5D1A58D44C003D5842 /* SPMediaKeyTap.m */,
			);
			path = SPMediaKeyTap;
			sourceTree = "<group>";
		};
		2BC49B711A58E02B003D5842 /* GUI */ = {
			isa = PBXGroup;
			children = (
				2BC49B3A1A58D3EA003D5842 /* Images.xcassets */,
				2BC49B3C1A58D3EA003D5842 /* MainMenu.xib */,
			);
			name = GUI;
			sourceTree = "<group>";
		};
/* End PBXGroup section */

/* Begin PBXNativeTarget section */
		2BC49B2F1A58D3EA003D5842 /* HDMI Volume Control */ = {
			isa = PBXNativeTarget;
			buildConfigurationList = 2BC49B4D1A58D3EA003D5842 /* Build configuration list for PBXNativeTarget "HDMI Volume Control" */;
			buildPhases = (
				2BC49B2C1A58D3EA003D5842 /* Sources */,
				2BC49B2D1A58D3EA003D5842 /* Frameworks */,
				2BC49B2E1A58D3EA003D5842 /* Resources */,
			);
			buildRules = (
			);
			dependencies = (
			);
			name = "HDMI Volume Control";
			productName = "HDMI Volume Control";
			productReference = 2BC49B301A58D3EA003D5842 /* HDMI Volume Control.app */;
			productType = "com.apple.product-type.application";
		};
/* End PBXNativeTarget section */

/* Begin PBXProject section */
		2BC49B281A58D3EA003D5842 /* Project object */ = {
			isa = PBXProject;
			attributes = {
				LastUpgradeCheck = 0610;
				ORGANIZATIONNAME = "Pickled Code";
				TargetAttributes = {
					2BC49B2F1A58D3EA003D5842 = {
						CreatedOnToolsVersion = 6.1.1;
					};
				};
			};
			buildConfigurationList = 2BC49B2B1A58D3EA003D5842 /* Build configuration list for PBXProject "HDMI Volume Control" */;
			compatibilityVersion = "Xcode 3.2";
			developmentRegion = English;
			hasScannedForEncodings = 0;
			knownRegions = (
				en,
				Base,
			);
			mainGroup = 2BC49B271A58D3EA003D5842;
			productRefGroup = 2BC49B311A58D3EA003D5842 /* Products */;
			projectDirPath = "";
			projectRoot = "";
			targets = (
				2BC49B2F1A58D3EA003D5842 /* HDMI Volume Control */,
			);
		};
/* End PBXProject section */

/* Begin PBXResourcesBuildPhase section */
		2BC49B2E1A58D3EA003D5842 /* Resources */ = {
			isa = PBXResourcesBuildPhase;
			buildActionMask = 2147483647;
			files = (
				2BC49B3B1A58D3EA003D5842 /* Images.xcassets in Resources */,
				2BC49B3E1A58D3EA003D5842 /* MainMenu.xib in Resources */,
			);
			runOnlyForDeploymentPostprocessing = 0;
		};
/* End PBXResourcesBuildPhase section */

/* Begin PBXSourcesBuildPhase section */
		2BC49B2C1A58D3EA003D5842 /* Sources */ = {
			isa = PBXSourcesBuildPhase;
			buildActionMask = 2147483647;
			files = (
				2BC49B651A58D44C003D5842 /* SPMediaKeyTap.m in Sources */,
				2BC49B6F1A58DE77003D5842 /* CecManager.mm in Sources */,
				2BC49B391A58D3EA003D5842 /* main.m in Sources */,
				2BC49B371A58D3EA003D5842 /* AppDelegate.m in Sources */,
			);
			runOnlyForDeploymentPostprocessing = 0;
		};
/* End PBXSourcesBuildPhase section */

/* Begin PBXVariantGroup section */
		2BC49B3C1A58D3EA003D5842 /* MainMenu.xib */ = {
			isa = PBXVariantGroup;
			children = (
				2BC49B3D1A58D3EA003D5842 /* Base */,
			);
			name = MainMenu.xib;
			sourceTree = "<group>";
		};
/* End PBXVariantGroup section */

/* Begin XCBuildConfiguration section */
		2BC49B4B1A58D3EA003D5842 /* Debug */ = {
			isa = XCBuildConfiguration;
			buildSettings = {
				ALWAYS_SEARCH_USER_PATHS = NO;
				CLANG_CXX_LANGUAGE_STANDARD = "gnu++0x";
				CLANG_CXX_LIBRARY = "libc++";
				CLANG_ENABLE_MODULES = YES;
				CLANG_ENABLE_OBJC_ARC = YES;
				CLANG_WARN_BOOL_CONVERSION = YES;
				CLANG_WARN_CONSTANT_CONVERSION = YES;
				CLANG_WARN_DIRECT_OBJC_ISA_USAGE = YES_ERROR;
				CLANG_WARN_EMPTY_BODY = YES;
				CLANG_WARN_ENUM_CONVERSION = YES;
				CLANG_WARN_INT_CONVERSION = YES;
				CLANG_WARN_OBJC_ROOT_CLASS = YES_ERROR;
				CLANG_WARN_UNREACHABLE_CODE = YES;
				CLANG_WARN__DUPLICATE_METHOD_MATCH = YES;
				CODE_SIGN_IDENTITY = "-";
				COPY_PHASE_STRIP = NO;
				ENABLE_STRICT_OBJC_MSGSEND = YES;
				GCC_C_LANGUAGE_STANDARD = gnu99;
				GCC_DYNAMIC_NO_PIC = NO;
				GCC_OPTIMIZATION_LEVEL = 0;
				GCC_PREPROCESSOR_DEFINITIONS = (
					"DEBUG=1",
					"$(inherited)",
				);
				GCC_SYMBOLS_PRIVATE_EXTERN = NO;
				GCC_WARN_64_TO_32_BIT_CONVERSION = YES;
				GCC_WARN_ABOUT_RETURN_TYPE = YES_ERROR;
				GCC_WARN_UNDECLARED_SELECTOR = YES;
				GCC_WARN_UNINITIALIZED_AUTOS = YES_AGGRESSIVE;
				GCC_WARN_UNUSED_FUNCTION = YES;
				GCC_WARN_UNUSED_VARIABLE = YES;
				HEADER_SEARCH_PATHS = (
					"$(inherited)",
					/Applications/Xcode.app/Contents/Developer/Toolchains/XcodeDefault.xctoolchain/usr/include,
				);
				MACOSX_DEPLOYMENT_TARGET = 10.10;
				MTL_ENABLE_DEBUG_INFO = YES;
				ONLY_ACTIVE_ARCH = YES;
				SDKROOT = macosx;
				USER_HEADER_SEARCH_PATHS = "";
			};
			name = Debug;
		};
		2BC49B4C1A58D3EA003D5842 /* Release */ = {
			isa = XCBuildConfiguration;
			buildSettings = {
				ALWAYS_SEARCH_USER_PATHS = NO;
				CLANG_CXX_LANGUAGE_STANDARD = "gnu++0x";
				CLANG_CXX_LIBRARY = "libc++";
				CLANG_ENABLE_MODULES = YES;
				CLANG_ENABLE_OBJC_ARC = YES;
				CLANG_WARN_BOOL_CONVERSION = YES;
				CLANG_WARN_CONSTANT_CONVERSION = YES;
				CLANG_WARN_DIRECT_OBJC_ISA_USAGE = YES_ERROR;
				CLANG_WARN_EMPTY_BODY = YES;
				CLANG_WARN_ENUM_CONVERSION = YES;
				CLANG_WARN_INT_CONVERSION = YES;
				CLANG_WARN_OBJC_ROOT_CLASS = YES_ERROR;
				CLANG_WARN_UNREACHABLE_CODE = YES;
				CLANG_WARN__DUPLICATE_METHOD_MATCH = YES;
				CODE_SIGN_IDENTITY = "-";
				COPY_PHASE_STRIP = YES;
				DEBUG_INFORMATION_FORMAT = "dwarf-with-dsym";
				ENABLE_NS_ASSERTIONS = NO;
				ENABLE_STRICT_OBJC_MSGSEND = YES;
				GCC_C_LANGUAGE_STANDARD = gnu99;
				GCC_WARN_64_TO_32_BIT_CONVERSION = YES;
				GCC_WARN_ABOUT_RETURN_TYPE = YES_ERROR;
				GCC_WARN_UNDECLARED_SELECTOR = YES;
				GCC_WARN_UNINITIALIZED_AUTOS = YES_AGGRESSIVE;
				GCC_WARN_UNUSED_FUNCTION = YES;
				GCC_WARN_UNUSED_VARIABLE = YES;
				HEADER_SEARCH_PATHS = (
					"$(inherited)",
					/Applications/Xcode.app/Contents/Developer/Toolchains/XcodeDefault.xctoolchain/usr/include,
				);
				MACOSX_DEPLOYMENT_TARGET = 10.10;
				MTL_ENABLE_DEBUG_INFO = NO;
				SDKROOT = macosx;
				USER_HEADER_SEARCH_PATHS = "";
			};
			name = Release;
		};
		2BC49B4E1A58D3EA003D5842 /* Debug */ = {
			isa = XCBuildConfiguration;
			buildSettings = {
				ASSETCATALOG_COMPILER_APPICON_NAME = AppIcon;
				COMBINE_HIDPI_IMAGES = YES;
				GCC_INPUT_FILETYPE = automatic;
				HEADER_SEARCH_PATHS = (
					"$(inherited)",
					/Applications/Xcode.app/Contents/Developer/Toolchains/XcodeDefault.xctoolchain/usr/include,
					/usr/local/include/libcec/,
				);
				INFOPLIST_FILE = "HDMI Volume Control/Info.plist";
				LD_RUNPATH_SEARCH_PATHS = "$(inherited) @executable_path/../Frameworks";
				LIBRARY_SEARCH_PATHS = /usr/local/Cellar/libcec/2.2.0/lib;
				PRODUCT_NAME = "$(TARGET_NAME)";
			};
			name = Debug;
		};
		2BC49B4F1A58D3EA003D5842 /* Release */ = {
			isa = XCBuildConfiguration;
			buildSettings = {
				ASSETCATALOG_COMPILER_APPICON_NAME = AppIcon;
				COMBINE_HIDPI_IMAGES = YES;
				GCC_INPUT_FILETYPE = automatic;
				HEADER_SEARCH_PATHS = (
					"$(inherited)",
					/Applications/Xcode.app/Contents/Developer/Toolchains/XcodeDefault.xctoolchain/usr/include,
					/usr/local/include/libcec/,
				);
				INFOPLIST_FILE = "HDMI Volume Control/Info.plist";
				LD_RUNPATH_SEARCH_PATHS = "$(inherited) @executable_path/../Frameworks";
				LIBRARY_SEARCH_PATHS = /usr/local/Cellar/libcec/2.2.0/lib;
				PRODUCT_NAME = "$(TARGET_NAME)";
			};
			name = Release;
		};
/* End XCBuildConfiguration section */

/* Begin XCConfigurationList section */
		2BC49B2B1A58D3EA003D5842 /* Build configuration list for PBXProject "HDMI Volume Control" */ = {
			isa = XCConfigurationList;
			buildConfigurations = (
				2BC49B4B1A58D3EA003D5842 /* Debug */,
				2BC49B4C1A58D3EA003D5842 /* Release */,
			);
			defaultConfigurationIsVisible = 0;
			defaultConfigurationName = Release;
		};
		2BC49B4D1A58D3EA003D5842 /* Build configuration list for PBXNativeTarget "HDMI Volume Control" */ = {
			isa = XCConfigurationList;
			buildConfigurations = (
				2BC49B4E1A58D3EA003D5842 /* Debug */,
				2BC49B4F1A58D3EA003D5842 /* Release */,
			);
			defaultConfigurationIsVisible = 0;
			defaultConfigurationName = Release;
		};
/* End XCConfigurationList section */
	};
	rootObject = 2BC49B281A58D3EA003D5842 /* Project object */;
}
